# THIS IS AN AUTOGENERATED FILE. DO NOT EDIT THIS FILE DIRECTLY.
# yarn lockfile v1


"@types/node@^17.0.17":
  version "17.0.17"
  resolved "https://registry.yarnpkg.com/@types/node/-/node-17.0.17.tgz#a8ddf6e0c2341718d74ee3dc413a13a042c45a0c"
  integrity sha512-e8PUNQy1HgJGV3iU/Bp2+D/DXh3PYeyli8LgIwsQcs1Ar1LoaWHSIT6Rw+H2rNJmiq6SNWiDytfx8+gYj7wDHw==

capitalize-pt-br@^0.6.0:
  version "0.6.0"
  resolved "https://registry.yarnpkg.com/capitalize-pt-br/-/capitalize-pt-br-0.6.0.tgz#49be8a76b66ca32ba1e6646e93aca278ffc8fdd1"
  integrity sha512-Xhhrm/WSfXzpupUy+WnPYsL+ajtiflXInXnp9yAruYGQw3vvK8MHz0lzX4LbUSC6E57rJym9RC8IFOvyOvdSOw==

crypto@^1.0.1:
  version "1.0.1"
  resolved "https://registry.yarnpkg.com/crypto/-/crypto-1.0.1.tgz#2af1b7cad8175d24c8a1b0778255794a21803037"
  integrity sha512-VxBKmeNcqQdiUQUW2Tzq0t377b54N2bMtXO/qiLa+6eRRmmC4qT3D4OnTGoT/U6O9aklQ/jTwbOtRMTTY8G0Ig==
